
Microsoft Visual Studio Solution File, Format Version 12.00
# Visual Studio Version 17
VisualStudioVersion = 17.9.34714.143
MinimumVisualStudioVersion = 10.0.40219.1
Project("{FAE04EC0-301F-11D3-BF4B-00C04F79EFBC}") = "BaiTap6", "BaiTap6.csproj", "{67738F72-37F6-4E58-8711-6044CA87545B}"
EndProject
Global
	GlobalSection(SolutionConfigurationPlatforms) = preSolution
		Debug|Any CPU = Debug|Any CPU
		Release|Any CPU = Release|Any CPU
	EndGlobalSection
	GlobalSection(ProjectConfigurationPlatforms) = postSolution
		{67738F72-37F6-4E58-8711-6044CA87545B}.Debug|Any CPU.ActiveCfg = Debug|Any CPU
		{67738F72-37F6-4E58-8711-6044CA87545B}.Debug|Any CPU.Build.0 = Debug|Any CPU
		{67738F72-37F6-4E58-8711-6044CA87545B}.Release|Any CPU.ActiveCfg = Release|Any CPU
		{67738F72-37F6-4E58-8711-6044CA87545B}.Release|Any CPU.Build.0 = Release|Any CPU
	EndGlobalSection
	GlobalSection(SolutionProperties) = preSolution
		HideSolutionNode = FALSE
	EndGlobalSection
	GlobalSection(ExtensibilityGlobals) = postSolution
		SolutionGuid = {ECA44484-9908-4E3B-9EF0-927D3EC6E8BE}
	EndGlobalSection
EndGlobal
